
Microsoft Visual Studio Solution File, Format Version 12.00
# Visual Studio Version 17
VisualStudioVersion = 17.3.32825.248
MinimumVisualStudioVersion = 10.0.40219.1
Project("{FAE04EC0-301F-11D3-BF4B-00C04F79EFBC}") = "OOP_lab7", "OOP_lab7\OOP_lab7.csproj", "{F921E1EB-4302-4AC4-AA89-C5E64A2C3325}"
EndProject
Global
	GlobalSection(SolutionConfigurationPlatforms) = preSolution
		Debug|Any CPU = Debug|Any CPU
		Release|Any CPU = Release|Any CPU
	EndGlobalSection
	GlobalSection(ProjectConfigurationPlatforms) = postSolution
		{F921E1EB-4302-4AC4-AA89-C5E64A2C3325}.Debug|Any CPU.ActiveCfg = Debug|Any CPU
		{F921E1EB-4302-4AC4-AA89-C5E64A2C3325}.Debug|Any CPU.Build.0 = Debug|Any CPU
		{F921E1EB-4302-4AC4-AA89-C5E64A2C3325}.Release|Any CPU.ActiveCfg = Release|Any CPU
		{F921E1EB-4302-4AC4-AA89-C5E64A2C3325}.Release|Any CPU.Build.0 = Release|Any CPU
	EndGlobalSection
	GlobalSection(SolutionProperties) = preSolution
		HideSolutionNode = FALSE
	EndGlobalSection
	GlobalSection(ExtensibilityGlobals) = postSolution
		SolutionGuid = {69712456-1BA4-4180-8366-58A7EE4D967A}
	EndGlobalSection
EndGlobal
