
Microsoft Visual Studio Solution File, Format Version 12.00
# Visual Studio Version 17
VisualStudioVersion = 17.3.32825.248
MinimumVisualStudioVersion = 10.0.40219.1
Project("{FAE04EC0-301F-11D3-BF4B-00C04F79EFBC}") = "OOP_lab4", "OOP_lab4\OOP_lab4.csproj", "{B05DF0C3-67BA-41F1-A0C4-0DC715491DE6}"
EndProject
Global
	GlobalSection(SolutionConfigurationPlatforms) = preSolution
		Debug|Any CPU = Debug|Any CPU
		Release|Any CPU = Release|Any CPU
	EndGlobalSection
	GlobalSection(ProjectConfigurationPlatforms) = postSolution
		{B05DF0C3-67BA-41F1-A0C4-0DC715491DE6}.Debug|Any CPU.ActiveCfg = Debug|Any CPU
		{B05DF0C3-67BA-41F1-A0C4-0DC715491DE6}.Debug|Any CPU.Build.0 = Debug|Any CPU
		{B05DF0C3-67BA-41F1-A0C4-0DC715491DE6}.Release|Any CPU.ActiveCfg = Release|Any CPU
		{B05DF0C3-67BA-41F1-A0C4-0DC715491DE6}.Release|Any CPU.Build.0 = Release|Any CPU
	EndGlobalSection
	GlobalSection(SolutionProperties) = preSolution
		HideSolutionNode = FALSE
	EndGlobalSection
	GlobalSection(ExtensibilityGlobals) = postSolution
		SolutionGuid = {67533208-AD0F-4BD7-A11A-91A8FFB574BA}
	EndGlobalSection
EndGlobal
