
Microsoft Visual Studio Solution File, Format Version 12.00
# Visual Studio Version 17
VisualStudioVersion = 17.3.32825.248
MinimumVisualStudioVersion = 10.0.40219.1
Project("{FAE04EC0-301F-11D3-BF4B-00C04F79EFBC}") = "OOP_lab3", "OOP_lab3\OOP_lab3.csproj", "{C00682E5-A379-42D6-A50C-A163BFA1BE9C}"
EndProject
Global
	GlobalSection(SolutionConfigurationPlatforms) = preSolution
		Debug|Any CPU = Debug|Any CPU
		Release|Any CPU = Release|Any CPU
	EndGlobalSection
	GlobalSection(ProjectConfigurationPlatforms) = postSolution
		{C00682E5-A379-42D6-A50C-A163BFA1BE9C}.Debug|Any CPU.ActiveCfg = Debug|Any CPU
		{C00682E5-A379-42D6-A50C-A163BFA1BE9C}.Debug|Any CPU.Build.0 = Debug|Any CPU
		{C00682E5-A379-42D6-A50C-A163BFA1BE9C}.Release|Any CPU.ActiveCfg = Release|Any CPU
		{C00682E5-A379-42D6-A50C-A163BFA1BE9C}.Release|Any CPU.Build.0 = Release|Any CPU
	EndGlobalSection
	GlobalSection(SolutionProperties) = preSolution
		HideSolutionNode = FALSE
	EndGlobalSection
	GlobalSection(ExtensibilityGlobals) = postSolution
		SolutionGuid = {EF7E22B4-3F97-44C2-889B-708E6D53D841}
	EndGlobalSection
EndGlobal
